
Microsoft Visual Studio Solution File, Format Version 12.00
# Visual Studio 15
VisualStudioVersion = 15.0.28307.271
MinimumVisualStudioVersion = 10.0.40219.1
Project("{FAE04EC0-301F-11D3-BF4B-00C04F79EFBC}") = "AdivinaPalabra", "AdivinaPalabra\AdivinaPalabra.csproj", "{470B4EB7-7E3F-4DFB-A4AB-BC2504668D9C}"
EndProject
Project("{FAE04EC0-301F-11D3-BF4B-00C04F79EFBC}") = "Cliente", "Cliente\Cliente.csproj", "{D50F427C-58A6-4B92-B7BA-CA25F205BF33}"
EndProject
Global
	GlobalSection(SolutionConfigurationPlatforms) = preSolution
		Debug|Any CPU = Debug|Any CPU
		Release|Any CPU = Release|Any CPU
	EndGlobalSection
	GlobalSection(ProjectConfigurationPlatforms) = postSolution
		{470B4EB7-7E3F-4DFB-A4AB-BC2504668D9C}.Debug|Any CPU.ActiveCfg = Debug|Any CPU
		{470B4EB7-7E3F-4DFB-A4AB-BC2504668D9C}.Debug|Any CPU.Build.0 = Debug|Any CPU
		{470B4EB7-7E3F-4DFB-A4AB-BC2504668D9C}.Release|Any CPU.ActiveCfg = Release|Any CPU
		{470B4EB7-7E3F-4DFB-A4AB-BC2504668D9C}.Release|Any CPU.Build.0 = Release|Any CPU
		{D50F427C-58A6-4B92-B7BA-CA25F205BF33}.Debug|Any CPU.ActiveCfg = Debug|Any CPU
		{D50F427C-58A6-4B92-B7BA-CA25F205BF33}.Debug|Any CPU.Build.0 = Debug|Any CPU
		{D50F427C-58A6-4B92-B7BA-CA25F205BF33}.Release|Any CPU.ActiveCfg = Release|Any CPU
		{D50F427C-58A6-4B92-B7BA-CA25F205BF33}.Release|Any CPU.Build.0 = Release|Any CPU
	EndGlobalSection
	GlobalSection(SolutionProperties) = preSolution
		HideSolutionNode = FALSE
	EndGlobalSection
	GlobalSection(ExtensibilityGlobals) = postSolution
		SolutionGuid = {756E270A-2EAD-4EFA-9555-DBF054C833A7}
	EndGlobalSection
EndGlobal
